// !$*UTF8*$!
{
	archiveVersion = 1;
	classes = {
	};
	objectVersion = 50;
	objects = {

/* Begin PBXBuildFile section */
		550AD7FF25BC4E200066F9BE /* Log.swift in Sources */ = {isa = PBXBuildFile; fileRef = 550AD7FA25BC4E200066F9BE /* Log.swift */; };
		550AD80025BC4E200066F9BE /* SecureBookmark.swift in Sources */ = {isa = PBXBuildFile; fileRef = 550AD7FC25BC4E200066F9BE /* SecureBookmark.swift */; };
		550AD80125BC4E200066F9BE /* NSTextField+PlaceHolder.swift in Sources */ = {isa = PBXBuildFile; fileRef = 550AD7FE25BC4E200066F9BE /* NSTextField+PlaceHolder.swift */; };
		5515EDB225B4149D00F79A72 /* AppDelegate.swift in Sources */ = {isa = PBXBuildFile; fileRef = 5515EDB125B4149D00F79A72 /* AppDelegate.swift */; };
		5515EDB425B4149E00F79A72 /* Assets.xcassets in Resources */ = {isa = PBXBuildFile; fileRef = 5515EDB325B4149E00F79A72 /* Assets.xcassets */; };
		5515EDB725B4149E00F79A72 /* MainMenu.xib in Resources */ = {isa = PBXBuildFile; fileRef = 5515EDB525B4149E00F79A72 /* MainMenu.xib */; };
		5515EDC325B4149E00F79A72 /* quannuTests.swift in Sources */ = {isa = PBXBuildFile; fileRef = 5515EDC225B4149E00F79A72 /* quannuTests.swift */; };
		5515EDCE25B4149E00F79A72 /* quannuUITests.swift in Sources */ = {isa = PBXBuildFile; fileRef = 5515EDCD25B4149E00F79A72 /* quannuUITests.swift */; };
		551EE0DF25BD839B001A09F1 /* PreferencesViewController.swift in Sources */ = {isa = PBXBuildFile; fileRef = 551EE0DC25BD839B001A09F1 /* PreferencesViewController.swift */; };
		551EE0E025BD839B001A09F1 /* PreferencesViewController.xib in Resources */ = {isa = PBXBuildFile; fileRef = 551EE0DD25BD839B001A09F1 /* PreferencesViewController.xib */; };
		551EE0E525BD8457001A09F1 /* SoundItem.swift in Sources */ = {isa = PBXBuildFile; fileRef = 551EE0E425BD8457001A09F1 /* SoundItem.swift */; };
		5533FB0025B6D17900CF7F8E /* TimerSound.swift in Sources */ = {isa = PBXBuildFile; fileRef = 5533FAFF25B6D17900CF7F8E /* TimerSound.swift */; };
		555125B425B5B80600720494 /* TimerInfo.swift in Sources */ = {isa = PBXBuildFile; fileRef = 555125B325B5B80600720494 /* TimerInfo.swift */; };
		555C77DC25BFF21A00114A94 /* drizzle.m4a in Resources */ = {isa = PBXBuildFile; fileRef = 555C77DA25BFF21A00114A94 /* drizzle.m4a */; };
		555C77DD25BFF21A00114A94 /* watch.m4a in Resources */ = {isa = PBXBuildFile; fileRef = 555C77DB25BFF21A00114A94 /* watch.m4a */; };
		5584788725BFE02E007A4C5E /* SoundPanel.swift in Sources */ = {isa = PBXBuildFile; fileRef = 5584788625BFE02E007A4C5E /* SoundPanel.swift */; };
		55B7D61925B6FC9400F23E90 /* InputViewController.swift in Sources */ = {isa = PBXBuildFile; fileRef = 55B7D61725B6FC9400F23E90 /* InputViewController.swift */; };
		55B7D61A25B6FC9400F23E90 /* InputViewController.xib in Resources */ = {isa = PBXBuildFile; fileRef = 55B7D61825B6FC9400F23E90 /* InputViewController.xib */; };
		55E7088E25BE9EFF00933207 /* SoundItem+UserDefaults.swift in Sources */ = {isa = PBXBuildFile; fileRef = 55E7088D25BE9EFF00933207 /* SoundItem+UserDefaults.swift */; };
		55E7089325BEC4BF00933207 /* View+Animation.swift in Sources */ = {isa = PBXBuildFile; fileRef = 55E7089225BEC4BF00933207 /* View+Animation.swift */; };
/* End PBXBuildFile section */

/* Begin PBXContainerItemProxy section */
		5515EDBF25B4149E00F79A72 /* PBXContainerItemProxy */ = {
			isa = PBXContainerItemProxy;
			containerPortal = 5515EDA625B4149D00F79A72 /* Project object */;
			proxyType = 1;
			remoteGlobalIDString = 5515EDAD25B4149D00F79A72;
			remoteInfo = quannu;
		};
		5515EDCA25B4149E00F79A72 /* PBXContainerItemProxy */ = {
			isa = PBXContainerItemProxy;
			containerPortal = 5515EDA625B4149D00F79A72 /* Project object */;
			proxyType = 1;
			remoteGlobalIDString = 5515EDAD25B4149D00F79A72;
			remoteInfo = quannu;
		};
/* End PBXContainerItemProxy section */

/* Begin PBXFileReference section */
		550AD7FA25BC4E200066F9BE /* Log.swift */ = {isa = PBXFileReference; fileEncoding = 4; lastKnownFileType = sourcecode.swift; path = Log.swift; sourceTree = "<group>"; };
		550AD7FC25BC4E200066F9BE /* SecureBookmark.swift */ = {isa = PBXFileReference; fileEncoding = 4; lastKnownFileType = sourcecode.swift; path = SecureBookmark.swift; sourceTree = "<group>"; };
		550AD7FE25BC4E200066F9BE /* NSTextField+PlaceHolder.swift */ = {isa = PBXFileReference; fileEncoding = 4; lastKnownFileType = sourcecode.swift; path = "NSTextField+PlaceHolder.swift"; sourceTree = "<group>"; };
		5515EDAE25B4149D00F79A72 /* quannu.app */ = {isa = PBXFileReference; explicitFileType = wrapper.application; includeInIndex = 0; path = quannu.app; sourceTree = BUILT_PRODUCTS_DIR; };
		5515EDB125B4149D00F79A72 /* AppDelegate.swift */ = {isa = PBXFileReference; lastKnownFileType = sourcecode.swift; path = AppDelegate.swift; sourceTree = "<group>"; };
		5515EDB325B4149E00F79A72 /* Assets.xcassets */ = {isa = PBXFileReference; lastKnownFileType = folder.assetcatalog; path = Assets.xcassets; sourceTree = "<group>"; };
		5515EDB625B4149E00F79A72 /* Base */ = {isa = PBXFileReference; lastKnownFileType = file.xib; name = Base; path = Base.lproj/MainMenu.xib; sourceTree = "<group>"; };
		5515EDB825B4149E00F79A72 /* Info.plist */ = {isa = PBXFileReference; lastKnownFileType = text.plist.xml; path = Info.plist; sourceTree = "<group>"; };
		5515EDB925B4149E00F79A72 /* quannu.entitlements */ = {isa = PBXFileReference; lastKnownFileType = text.plist.entitlements; path = quannu.entitlements; sourceTree = "<group>"; };
		5515EDBE25B4149E00F79A72 /* quannuTests.xctest */ = {isa = PBXFileReference; explicitFileType = wrapper.cfbundle; includeInIndex = 0; path = quannuTests.xctest; sourceTree = BUILT_PRODUCTS_DIR; };
		5515EDC225B4149E00F79A72 /* quannuTests.swift */ = {isa = PBXFileReference; lastKnownFileType = sourcecode.swift; path = quannuTests.swift; sourceTree = "<group>"; };
		5515EDC425B4149E00F79A72 /* Info.plist */ = {isa = PBXFileReference; lastKnownFileType = text.plist.xml; path = Info.plist; sourceTree = "<group>"; };
		5515EDC925B4149E00F79A72 /* quannuUITests.xctest */ = {isa = PBXFileReference; explicitFileType = wrapper.cfbundle; includeInIndex = 0; path = quannuUITests.xctest; sourceTree = BUILT_PRODUCTS_DIR; };
		5515EDCD25B4149E00F79A72 /* quannuUITests.swift */ = {isa = PBXFileReference; lastKnownFileType = sourcecode.swift; path = quannuUITests.swift; sourceTree = "<group>"; };
		5515EDCF25B4149E00F79A72 /* Info.plist */ = {isa = PBXFileReference; lastKnownFileType = text.plist.xml; path = Info.plist; sourceTree = "<group>"; };
		551EE0DC25BD839B001A09F1 /* PreferencesViewController.swift */ = {isa = PBXFileReference; fileEncoding = 4; lastKnownFileType = sourcecode.swift; path = PreferencesViewController.swift; sourceTree = "<group>"; };
		551EE0DD25BD839B001A09F1 /* PreferencesViewController.xib */ = {isa = PBXFileReference; fileEncoding = 4; lastKnownFileType = file.xib; path = PreferencesViewController.xib; sourceTree = "<group>"; };
		551EE0E425BD8457001A09F1 /* SoundItem.swift */ = {isa = PBXFileReference; lastKnownFileType = sourcecode.swift; path = SoundItem.swift; sourceTree = "<group>"; };
		5533FAFF25B6D17900CF7F8E /* TimerSound.swift */ = {isa = PBXFileReference; lastKnownFileType = sourcecode.swift; path = TimerSound.swift; sourceTree = "<group>"; };
		555125B325B5B80600720494 /* TimerInfo.swift */ = {isa = PBXFileReference; lastKnownFileType = sourcecode.swift; path = TimerInfo.swift; sourceTree = "<group>"; };
		555C77DA25BFF21A00114A94 /* drizzle.m4a */ = {isa = PBXFileReference; lastKnownFileType = file; path = drizzle.m4a; sourceTree = "<group>"; };
		555C77DB25BFF21A00114A94 /* watch.m4a */ = {isa = PBXFileReference; lastKnownFileType = file; path = watch.m4a; sourceTree = "<group>"; };
		5584788625BFE02E007A4C5E /* SoundPanel.swift */ = {isa = PBXFileReference; lastKnownFileType = sourcecode.swift; path = SoundPanel.swift; sourceTree = "<group>"; };
		55B7D61725B6FC9400F23E90 /* InputViewController.swift */ = {isa = PBXFileReference; lastKnownFileType = sourcecode.swift; path = InputViewController.swift; sourceTree = "<group>"; };
		55B7D61825B6FC9400F23E90 /* InputViewController.xib */ = {isa = PBXFileReference; lastKnownFileType = file.xib; path = InputViewController.xib; sourceTree = "<group>"; };
		55E7088D25BE9EFF00933207 /* SoundItem+UserDefaults.swift */ = {isa = PBXFileReference; lastKnownFileType = sourcecode.swift; path = "SoundItem+UserDefaults.swift"; sourceTree = "<group>"; };
		55E7089225BEC4BF00933207 /* View+Animation.swift */ = {isa = PBXFileReference; lastKnownFileType = sourcecode.swift; path = "View+Animation.swift"; sourceTree = "<group>"; };
/* End PBXFileReference section */

/* Begin PBXFrameworksBuildPhase section */
		5515EDAB25B4149D00F79A72 /* Frameworks */ = {
			isa = PBXFrameworksBuildPhase;
			buildActionMask = 2147483647;
			files = (
			);
			runOnlyForDeploymentPostprocessing = 0;
		};
		5515EDBB25B4149E00F79A72 /* Frameworks */ = {
			isa = PBXFrameworksBuildPhase;
			buildActionMask = 2147483647;
			files = (
			);
			runOnlyForDeploymentPostprocessing = 0;
		};
		5515EDC625B4149E00F79A72 /* Frameworks */ = {
			isa = PBXFrameworksBuildPhase;
			buildActionMask = 2147483647;
			files = (
			);
			runOnlyForDeploymentPostprocessing = 0;
		};
/* End PBXFrameworksBuildPhase section */

/* Begin PBXGroup section */
		550AD7F825BC4E200066F9BE /* utils */ = {
			isa = PBXGroup;
			children = (
				550AD7F925BC4E200066F9BE /* log */,
				550AD7FB25BC4E200066F9BE /* sandbox */,
				550AD7FD25BC4E200066F9BE /* textfield */,
			);
			path = utils;
			sourceTree = "<group>";
		};
		550AD7F925BC4E200066F9BE /* log */ = {
			isa = PBXGroup;
			children = (
				550AD7FA25BC4E200066F9BE /* Log.swift */,
			);
			path = log;
			sourceTree = "<group>";
		};
		550AD7FB25BC4E200066F9BE /* sandbox */ = {
			isa = PBXGroup;
			children = (
				550AD7FC25BC4E200066F9BE /* SecureBookmark.swift */,
			);
			path = sandbox;
			sourceTree = "<group>";
		};
		550AD7FD25BC4E200066F9BE /* textfield */ = {
			isa = PBXGroup;
			children = (
				550AD7FE25BC4E200066F9BE /* NSTextField+PlaceHolder.swift */,
			);
			path = textfield;
			sourceTree = "<group>";
		};
		5515EDA525B4149D00F79A72 = {
			isa = PBXGroup;
			children = (
				5515EDB025B4149D00F79A72 /* quannu */,
				5515EDC125B4149E00F79A72 /* quannuTests */,
				5515EDCC25B4149E00F79A72 /* quannuUITests */,
				5515EDAF25B4149D00F79A72 /* Products */,
			);
			sourceTree = "<group>";
		};
		5515EDAF25B4149D00F79A72 /* Products */ = {
			isa = PBXGroup;
			children = (
				5515EDAE25B4149D00F79A72 /* quannu.app */,
				5515EDBE25B4149E00F79A72 /* quannuTests.xctest */,
				5515EDC925B4149E00F79A72 /* quannuUITests.xctest */,
			);
			name = Products;
			sourceTree = "<group>";
		};
		5515EDB025B4149D00F79A72 /* quannu */ = {
			isa = PBXGroup;
			children = (
				555C77D825BFF21A00114A94 /* resources */,
				551EE0DB25BD839B001A09F1 /* preferences */,
				5515EDB125B4149D00F79A72 /* AppDelegate.swift */,
				5515EDB325B4149E00F79A72 /* Assets.xcassets */,
				5515EDB825B4149E00F79A72 /* Info.plist */,
				55B7D61725B6FC9400F23E90 /* InputViewController.swift */,
				55B7D61825B6FC9400F23E90 /* InputViewController.xib */,
				5515EDB525B4149E00F79A72 /* MainMenu.xib */,
				5515EDB925B4149E00F79A72 /* quannu.entitlements */,
				555125B325B5B80600720494 /* TimerInfo.swift */,
				5533FAFF25B6D17900CF7F8E /* TimerSound.swift */,
				550AD7F825BC4E200066F9BE /* utils */,
				55E7089225BEC4BF00933207 /* View+Animation.swift */,
			);
			path = quannu;
			sourceTree = "<group>";
		};
		5515EDC125B4149E00F79A72 /* quannuTests */ = {
			isa = PBXGroup;
			children = (
				5515EDC225B4149E00F79A72 /* quannuTests.swift */,
				5515EDC425B4149E00F79A72 /* Info.plist */,
			);
			path = quannuTests;
			sourceTree = "<group>";
		};
		5515EDCC25B4149E00F79A72 /* quannuUITests */ = {
			isa = PBXGroup;
			children = (
				5515EDCD25B4149E00F79A72 /* quannuUITests.swift */,
				5515EDCF25B4149E00F79A72 /* Info.plist */,
			);
			path = quannuUITests;
			sourceTree = "<group>";
		};
		551EE0DB25BD839B001A09F1 /* preferences */ = {
			isa = PBXGroup;
			children = (
				551EE0DC25BD839B001A09F1 /* PreferencesViewController.swift */,
				551EE0DD25BD839B001A09F1 /* PreferencesViewController.xib */,
				551EE0DE25BD839B001A09F1 /* sounds */,
			);
			path = preferences;
			sourceTree = "<group>";
		};
		551EE0DE25BD839B001A09F1 /* sounds */ = {
			isa = PBXGroup;
			children = (
				551EE0E425BD8457001A09F1 /* SoundItem.swift */,
				55E7088D25BE9EFF00933207 /* SoundItem+UserDefaults.swift */,
				5584788625BFE02E007A4C5E /* SoundPanel.swift */,
			);
			path = sounds;
			sourceTree = "<group>";
		};
		555C77D825BFF21A00114A94 /* resources */ = {
			isa = PBXGroup;
			children = (
				555C77D925BFF21A00114A94 /* sounds */,
			);
			path = resources;
			sourceTree = "<group>";
		};
		555C77D925BFF21A00114A94 /* sounds */ = {
			isa = PBXGroup;
			children = (
				555C77DA25BFF21A00114A94 /* drizzle.m4a */,
				555C77DB25BFF21A00114A94 /* watch.m4a */,
			);
			path = sounds;
			sourceTree = "<group>";
		};
/* End PBXGroup section */

/* Begin PBXNativeTarget section */
		5515EDAD25B4149D00F79A72 /* quannu */ = {
			isa = PBXNativeTarget;
			buildConfigurationList = 5515EDD225B4149E00F79A72 /* Build configuration list for PBXNativeTarget "quannu" */;
			buildPhases = (
				5515EDAA25B4149D00F79A72 /* Sources */,
				5515EDAB25B4149D00F79A72 /* Frameworks */,
				5515EDAC25B4149D00F79A72 /* Resources */,
			);
			buildRules = (
			);
			dependencies = (
			);
			name = quannu;
			productName = quannu;
			productReference = 5515EDAE25B4149D00F79A72 /* quannu.app */;
			productType = "com.apple.product-type.application";
		};
		5515EDBD25B4149E00F79A72 /* quannuTests */ = {
			isa = PBXNativeTarget;
			buildConfigurationList = 5515EDD525B4149E00F79A72 /* Build configuration list for PBXNativeTarget "quannuTests" */;
			buildPhases = (
				5515EDBA25B4149E00F79A72 /* Sources */,
				5515EDBB25B4149E00F79A72 /* Frameworks */,
				5515EDBC25B4149E00F79A72 /* Resources */,
			);
			buildRules = (
			);
			dependencies = (
				5515EDC025B4149E00F79A72 /* PBXTargetDependency */,
			);
			name = quannuTests;
			productName = quannuTests;
			productReference = 5515EDBE25B4149E00F79A72 /* quannuTests.xctest */;
			productType = "com.apple.product-type.bundle.unit-test";
		};
		5515EDC825B4149E00F79A72 /* quannuUITests */ = {
			isa = PBXNativeTarget;
			buildConfigurationList = 5515EDD825B4149E00F79A72 /* Build configuration list for PBXNativeTarget "quannuUITests" */;
			buildPhases = (
				5515EDC525B4149E00F79A72 /* Sources */,
				5515EDC625B4149E00F79A72 /* Frameworks */,
				5515EDC725B4149E00F79A72 /* Resources */,
			);
			buildRules = (
			);
			dependencies = (
				5515EDCB25B4149E00F79A72 /* PBXTargetDependency */,
			);
			name = quannuUITests;
			productName = quannuUITests;
			productReference = 5515EDC925B4149E00F79A72 /* quannuUITests.xctest */;
			productType = "com.apple.product-type.bundle.ui-testing";
		};
/* End PBXNativeTarget section */

/* Begin PBXProject section */
		5515EDA625B4149D00F79A72 /* Project object */ = {
			isa = PBXProject;
			attributes = {
				LastSwiftUpdateCheck = 1230;
				LastUpgradeCheck = 1230;
				TargetAttributes = {
					5515EDAD25B4149D00F79A72 = {
						CreatedOnToolsVersion = 12.3;
					};
					5515EDBD25B4149E00F79A72 = {
						CreatedOnToolsVersion = 12.3;
						TestTargetID = 5515EDAD25B4149D00F79A72;
					};
					5515EDC825B4149E00F79A72 = {
						CreatedOnToolsVersion = 12.3;
						TestTargetID = 5515EDAD25B4149D00F79A72;
					};
				};
			};
			buildConfigurationList = 5515EDA925B4149D00F79A72 /* Build configuration list for PBXProject "quannu" */;
			compatibilityVersion = "Xcode 9.3";
			developmentRegion = en;
			hasScannedForEncodings = 0;
			knownRegions = (
				en,
				Base,
			);
			mainGroup = 5515EDA525B4149D00F79A72;
			productRefGroup = 5515EDAF25B4149D00F79A72 /* Products */;
			projectDirPath = "";
			projectRoot = "";
			targets = (
				5515EDAD25B4149D00F79A72 /* quannu */,
				5515EDBD25B4149E00F79A72 /* quannuTests */,
				5515EDC825B4149E00F79A72 /* quannuUITests */,
			);
		};
/* End PBXProject section */

/* Begin PBXResourcesBuildPhase section */
		5515EDAC25B4149D00F79A72 /* Resources */ = {
			isa = PBXResourcesBuildPhase;
			buildActionMask = 2147483647;
			files = (
				5515EDB425B4149E00F79A72 /* Assets.xcassets in Resources */,
				551EE0E025BD839B001A09F1 /* PreferencesViewController.xib in Resources */,
				555C77DD25BFF21A00114A94 /* watch.m4a in Resources */,
				55B7D61A25B6FC9400F23E90 /* InputViewController.xib in Resources */,
				555C77DC25BFF21A00114A94 /* drizzle.m4a in Resources */,
				5515EDB725B4149E00F79A72 /* MainMenu.xib in Resources */,
			);
			runOnlyForDeploymentPostprocessing = 0;
		};
		5515EDBC25B4149E00F79A72 /* Resources */ = {
			isa = PBXResourcesBuildPhase;
			buildActionMask = 2147483647;
			files = (
			);
			runOnlyForDeploymentPostprocessing = 0;
		};
		5515EDC725B4149E00F79A72 /* Resources */ = {
			isa = PBXResourcesBuildPhase;
			buildActionMask = 2147483647;
			files = (
			);
			runOnlyForDeploymentPostprocessing = 0;
		};
/* End PBXResourcesBuildPhase section */

/* Begin PBXSourcesBuildPhase section */
		5515EDAA25B4149D00F79A72 /* Sources */ = {
			isa = PBXSourcesBuildPhase;
			buildActionMask = 2147483647;
			files = (
				550AD80125BC4E200066F9BE /* NSTextField+PlaceHolder.swift in Sources */,
				551EE0E525BD8457001A09F1 /* SoundItem.swift in Sources */,
				555125B425B5B80600720494 /* TimerInfo.swift in Sources */,
				550AD80025BC4E200066F9BE /* SecureBookmark.swift in Sources */,
				5584788725BFE02E007A4C5E /* SoundPanel.swift in Sources */,
				55E7089325BEC4BF00933207 /* View+Animation.swift in Sources */,
				551EE0DF25BD839B001A09F1 /* PreferencesViewController.swift in Sources */,
				550AD7FF25BC4E200066F9BE /* Log.swift in Sources */,
				55B7D61925B6FC9400F23E90 /* InputViewController.swift in Sources */,
				5533FB0025B6D17900CF7F8E /* TimerSound.swift in Sources */,
				5515EDB225B4149D00F79A72 /* AppDelegate.swift in Sources */,
				55E7088E25BE9EFF00933207 /* SoundItem+UserDefaults.swift in Sources */,
			);
			runOnlyForDeploymentPostprocessing = 0;
		};
		5515EDBA25B4149E00F79A72 /* Sources */ = {
			isa = PBXSourcesBuildPhase;
			buildActionMask = 2147483647;
			files = (
				5515EDC325B4149E00F79A72 /* quannuTests.swift in Sources */,
			);
			runOnlyForDeploymentPostprocessing = 0;
		};
		5515EDC525B4149E00F79A72 /* Sources */ = {
			isa = PBXSourcesBuildPhase;
			buildActionMask = 2147483647;
			files = (
				5515EDCE25B4149E00F79A72 /* quannuUITests.swift in Sources */,
			);
			runOnlyForDeploymentPostprocessing = 0;
		};
/* End PBXSourcesBuildPhase section */

/* Begin PBXTargetDependency section */
		5515EDC025B4149E00F79A72 /* PBXTargetDependency */ = {
			isa = PBXTargetDependency;
			target = 5515EDAD25B4149D00F79A72 /* quannu */;
			targetProxy = 5515EDBF25B4149E00F79A72 /* PBXContainerItemProxy */;
		};
		5515EDCB25B4149E00F79A72 /* PBXTargetDependency */ = {
			isa = PBXTargetDependency;
			target = 5515EDAD25B4149D00F79A72 /* quannu */;
			targetProxy = 5515EDCA25B4149E00F79A72 /* PBXContainerItemProxy */;
		};
/* End PBXTargetDependency section */

/* Begin PBXVariantGroup section */
		5515EDB525B4149E00F79A72 /* MainMenu.xib */ = {
			isa = PBXVariantGroup;
			children = (
				5515EDB625B4149E00F79A72 /* Base */,
			);
			name = MainMenu.xib;
			sourceTree = "<group>";
		};
/* End PBXVariantGroup section */

/* Begin XCBuildConfiguration section */
		5515EDD025B4149E00F79A72 /* Debug */ = {
			isa = XCBuildConfiguration;
			buildSettings = {
				ALWAYS_SEARCH_USER_PATHS = NO;
				CLANG_ANALYZER_NONNULL = YES;
				CLANG_ANALYZER_NUMBER_OBJECT_CONVERSION = YES_AGGRESSIVE;
				CLANG_CXX_LANGUAGE_STANDARD = "gnu++14";
				CLANG_CXX_LIBRARY = "libc++";
				CLANG_ENABLE_MODULES = YES;
				CLANG_ENABLE_OBJC_ARC = YES;
				CLANG_ENABLE_OBJC_WEAK = YES;
				CLANG_WARN_BLOCK_CAPTURE_AUTORELEASING = YES;
				CLANG_WARN_BOOL_CONVERSION = YES;
				CLANG_WARN_COMMA = YES;
				CLANG_WARN_CONSTANT_CONVERSION = YES;
				CLANG_WARN_DEPRECATED_OBJC_IMPLEMENTATIONS = YES;
				CLANG_WARN_DIRECT_OBJC_ISA_USAGE = YES_ERROR;
				CLANG_WARN_DOCUMENTATION_COMMENTS = YES;
				CLANG_WARN_EMPTY_BODY = YES;
				CLANG_WARN_ENUM_CONVERSION = YES;
				CLANG_WARN_INFINITE_RECURSION = YES;
				CLANG_WARN_INT_CONVERSION = YES;
				CLANG_WARN_NON_LITERAL_NULL_CONVERSION = YES;
				CLANG_WARN_OBJC_IMPLICIT_RETAIN_SELF = YES;
				CLANG_WARN_OBJC_LITERAL_CONVERSION = YES;
				CLANG_WARN_OBJC_ROOT_CLASS = YES_ERROR;
				CLANG_WARN_QUOTED_INCLUDE_IN_FRAMEWORK_HEADER = YES;
				CLANG_WARN_RANGE_LOOP_ANALYSIS = YES;
				CLANG_WARN_STRICT_PROTOTYPES = YES;
				CLANG_WARN_SUSPICIOUS_MOVE = YES;
				CLANG_WARN_UNGUARDED_AVAILABILITY = YES_AGGRESSIVE;
				CLANG_WARN_UNREACHABLE_CODE = YES;
				CLANG_WARN__DUPLICATE_METHOD_MATCH = YES;
				COPY_PHASE_STRIP = NO;
				DEBUG_INFORMATION_FORMAT = dwarf;
				ENABLE_STRICT_OBJC_MSGSEND = YES;
				ENABLE_TESTABILITY = YES;
				GCC_C_LANGUAGE_STANDARD = gnu11;
				GCC_DYNAMIC_NO_PIC = NO;
				GCC_NO_COMMON_BLOCKS = YES;
				GCC_OPTIMIZATION_LEVEL = 0;
				GCC_PREPROCESSOR_DEFINITIONS = (
					"DEBUG=1",
					"$(inherited)",
				);
				GCC_WARN_64_TO_32_BIT_CONVERSION = YES;
				GCC_WARN_ABOUT_RETURN_TYPE = YES_ERROR;
				GCC_WARN_UNDECLARED_SELECTOR = YES;
				GCC_WARN_UNINITIALIZED_AUTOS = YES_AGGRESSIVE;
				GCC_WARN_UNUSED_FUNCTION = YES;
				GCC_WARN_UNUSED_VARIABLE = YES;
				MACOSX_DEPLOYMENT_TARGET = 10.13;
				MTL_ENABLE_DEBUG_INFO = INCLUDE_SOURCE;
				MTL_FAST_MATH = YES;
				ONLY_ACTIVE_ARCH = YES;
				SDKROOT = macosx;
				SWIFT_ACTIVE_COMPILATION_CONDITIONS = DEBUG;
				SWIFT_OPTIMIZATION_LEVEL = "-Onone";
			};
			name = Debug;
		};
		5515EDD125B4149E00F79A72 /* Release */ = {
			isa = XCBuildConfiguration;
			buildSettings = {
				ALWAYS_SEARCH_USER_PATHS = NO;
				CLANG_ANALYZER_NONNULL = YES;
				CLANG_ANALYZER_NUMBER_OBJECT_CONVERSION = YES_AGGRESSIVE;
				CLANG_CXX_LANGUAGE_STANDARD = "gnu++14";
				CLANG_CXX_LIBRARY = "libc++";
				CLANG_ENABLE_MODULES = YES;
				CLANG_ENABLE_OBJC_ARC = YES;
				CLANG_ENABLE_OBJC_WEAK = YES;
				CLANG_WARN_BLOCK_CAPTURE_AUTORELEASING = YES;
				CLANG_WARN_BOOL_CONVERSION = YES;
				CLANG_WARN_COMMA = YES;
				CLANG_WARN_CONSTANT_CONVERSION = YES;
				CLANG_WARN_DEPRECATED_OBJC_IMPLEMENTATIONS = YES;
				CLANG_WARN_DIRECT_OBJC_ISA_USAGE = YES_ERROR;
				CLANG_WARN_DOCUMENTATION_COMMENTS = YES;
				CLANG_WARN_EMPTY_BODY = YES;
				CLANG_WARN_ENUM_CONVERSION = YES;
				CLANG_WARN_INFINITE_RECURSION = YES;
				CLANG_WARN_INT_CONVERSION = YES;
				CLANG_WARN_NON_LITERAL_NULL_CONVERSION = YES;
				CLANG_WARN_OBJC_IMPLICIT_RETAIN_SELF = YES;
				CLANG_WARN_OBJC_LITERAL_CONVERSION = YES;
				CLANG_WARN_OBJC_ROOT_CLASS = YES_ERROR;
				CLANG_WARN_QUOTED_INCLUDE_IN_FRAMEWORK_HEADER = YES;
				CLANG_WARN_RANGE_LOOP_ANALYSIS = YES;
				CLANG_WARN_STRICT_PROTOTYPES = YES;
				CLANG_WARN_SUSPICIOUS_MOVE = YES;
				CLANG_WARN_UNGUARDED_AVAILABILITY = YES_AGGRESSIVE;
				CLANG_WARN_UNREACHABLE_CODE = YES;
				CLANG_WARN__DUPLICATE_METHOD_MATCH = YES;
				COPY_PHASE_STRIP = NO;
				DEBUG_INFORMATION_FORMAT = "dwarf-with-dsym";
				ENABLE_NS_ASSERTIONS = NO;
				ENABLE_STRICT_OBJC_MSGSEND = YES;
				GCC_C_LANGUAGE_STANDARD = gnu11;
				GCC_NO_COMMON_BLOCKS = YES;
				GCC_WARN_64_TO_32_BIT_CONVERSION = YES;
				GCC_WARN_ABOUT_RETURN_TYPE = YES_ERROR;
				GCC_WARN_UNDECLARED_SELECTOR = YES;
				GCC_WARN_UNINITIALIZED_AUTOS = YES_AGGRESSIVE;
				GCC_WARN_UNUSED_FUNCTION = YES;
				GCC_WARN_UNUSED_VARIABLE = YES;
				MACOSX_DEPLOYMENT_TARGET = 10.13;
				MTL_ENABLE_DEBUG_INFO = NO;
				MTL_FAST_MATH = YES;
				SDKROOT = macosx;
				SWIFT_COMPILATION_MODE = wholemodule;
				SWIFT_OPTIMIZATION_LEVEL = "-O";
			};
			name = Release;
		};
		5515EDD325B4149E00F79A72 /* Debug */ = {
			isa = XCBuildConfiguration;
			buildSettings = {
				ASSETCATALOG_COMPILER_APPICON_NAME = AppIcon;
				ASSETCATALOG_COMPILER_GLOBAL_ACCENT_COLOR_NAME = AccentColor;
				CODE_SIGN_ENTITLEMENTS = quannu/quannu.entitlements;
				CODE_SIGN_STYLE = Automatic;
				COMBINE_HIDPI_IMAGES = YES;
				DEVELOPMENT_TEAM = MLU48HP7P3;
				ENABLE_HARDENED_RUNTIME = YES;
				INFOPLIST_FILE = quannu/Info.plist;
				LD_RUNPATH_SEARCH_PATHS = (
					"$(inherited)",
					"@executable_path/../Frameworks",
				);
				PRODUCT_BUNDLE_IDENTIFIER = com.ternaryop.quannu;
				PRODUCT_NAME = "$(TARGET_NAME)";
				SWIFT_VERSION = 5.0;
			};
			name = Debug;
		};
		5515EDD425B4149E00F79A72 /* Release */ = {
			isa = XCBuildConfiguration;
			buildSettings = {
				ASSETCATALOG_COMPILER_APPICON_NAME = AppIcon;
				ASSETCATALOG_COMPILER_GLOBAL_ACCENT_COLOR_NAME = AccentColor;
				CODE_SIGN_ENTITLEMENTS = quannu/quannu.entitlements;
				CODE_SIGN_STYLE = Automatic;
				COMBINE_HIDPI_IMAGES = YES;
				DEVELOPMENT_TEAM = MLU48HP7P3;
				ENABLE_HARDENED_RUNTIME = YES;
				INFOPLIST_FILE = quannu/Info.plist;
				LD_RUNPATH_SEARCH_PATHS = (
					"$(inherited)",
					"@executable_path/../Frameworks",
				);
				PRODUCT_BUNDLE_IDENTIFIER = com.ternaryop.quannu;
				PRODUCT_NAME = "$(TARGET_NAME)";
				SWIFT_VERSION = 5.0;
			};
			name = Release;
		};
		5515EDD625B4149E00F79A72 /* Debug */ = {
			isa = XCBuildConfiguration;
			buildSettings = {
				ALWAYS_EMBED_SWIFT_STANDARD_LIBRARIES = YES;
				BUNDLE_LOADER = "$(TEST_HOST)";
				CODE_SIGN_STYLE = Automatic;
				COMBINE_HIDPI_IMAGES = YES;
				DEVELOPMENT_TEAM = MLU48HP7P3;
				INFOPLIST_FILE = quannuTests/Info.plist;
				LD_RUNPATH_SEARCH_PATHS = (
					"$(inherited)",
					"@executable_path/../Frameworks",
					"@loader_path/../Frameworks",
				);
				MACOSX_DEPLOYMENT_TARGET = 11.1;
				PRODUCT_BUNDLE_IDENTIFIER = com.ternaryop.quannuTests;
				PRODUCT_NAME = "$(TARGET_NAME)";
				SWIFT_VERSION = 5.0;
				TEST_HOST = "$(BUILT_PRODUCTS_DIR)/quannu.app/Contents/MacOS/quannu";
			};
			name = Debug;
		};
		5515EDD725B4149E00F79A72 /* Release */ = {
			isa = XCBuildConfiguration;
			buildSettings = {
				ALWAYS_EMBED_SWIFT_STANDARD_LIBRARIES = YES;
				BUNDLE_LOADER = "$(TEST_HOST)";
				CODE_SIGN_STYLE = Automatic;
				COMBINE_HIDPI_IMAGES = YES;
				DEVELOPMENT_TEAM = MLU48HP7P3;
				INFOPLIST_FILE = quannuTests/Info.plist;
				LD_RUNPATH_SEARCH_PATHS = (
					"$(inherited)",
					"@executable_path/../Frameworks",
					"@loader_path/../Frameworks",
				);
				MACOSX_DEPLOYMENT_TARGET = 11.1;
				PRODUCT_BUNDLE_IDENTIFIER = com.ternaryop.quannuTests;
				PRODUCT_NAME = "$(TARGET_NAME)";
				SWIFT_VERSION = 5.0;
				TEST_HOST = "$(BUILT_PRODUCTS_DIR)/quannu.app/Contents/MacOS/quannu";
			};
			name = Release;
		};
		5515EDD925B4149E00F79A72 /* Debug */ = {
			isa = XCBuildConfiguration;
			buildSettings = {
				ALWAYS_EMBED_SWIFT_STANDARD_LIBRARIES = YES;
				CODE_SIGN_STYLE = Automatic;
				COMBINE_HIDPI_IMAGES = YES;
				DEVELOPMENT_TEAM = MLU48HP7P3;
				INFOPLIST_FILE = quannuUITests/Info.plist;
				LD_RUNPATH_SEARCH_PATHS = (
					"$(inherited)",
					"@executable_path/../Frameworks",
					"@loader_path/../Frameworks",
				);
				PRODUCT_BUNDLE_IDENTIFIER = com.ternaryop.quannuUITests;
				PRODUCT_NAME = "$(TARGET_NAME)";
				SWIFT_VERSION = 5.0;
				TEST_TARGET_NAME = quannu;
			};
			name = Debug;
		};
		5515EDDA25B4149E00F79A72 /* Release */ = {
			isa = XCBuildConfiguration;
			buildSettings = {
				ALWAYS_EMBED_SWIFT_STANDARD_LIBRARIES = YES;
				CODE_SIGN_STYLE = Automatic;
				COMBINE_HIDPI_IMAGES = YES;
				DEVELOPMENT_TEAM = MLU48HP7P3;
				INFOPLIST_FILE = quannuUITests/Info.plist;
				LD_RUNPATH_SEARCH_PATHS = (
					"$(inherited)",
					"@executable_path/../Frameworks",
					"@loader_path/../Frameworks",
				);
				PRODUCT_BUNDLE_IDENTIFIER = com.ternaryop.quannuUITests;
				PRODUCT_NAME = "$(TARGET_NAME)";
				SWIFT_VERSION = 5.0;
				TEST_TARGET_NAME = quannu;
			};
			name = Release;
		};
/* End XCBuildConfiguration section */

/* Begin XCConfigurationList section */
		5515EDA925B4149D00F79A72 /* Build configuration list for PBXProject "quannu" */ = {
			isa = XCConfigurationList;
			buildConfigurations = (
				5515EDD025B4149E00F79A72 /* Debug */,
				5515EDD125B4149E00F79A72 /* Release */,
			);
			defaultConfigurationIsVisible = 0;
			defaultConfigurationName = Release;
		};
		5515EDD225B4149E00F79A72 /* Build configuration list for PBXNativeTarget "quannu" */ = {
			isa = XCConfigurationList;
			buildConfigurations = (
				5515EDD325B4149E00F79A72 /* Debug */,
				5515EDD425B4149E00F79A72 /* Release */,
			);
			defaultConfigurationIsVisible = 0;
			defaultConfigurationName = Release;
		};
		5515EDD525B4149E00F79A72 /* Build configuration list for PBXNativeTarget "quannuTests" */ = {
			isa = XCConfigurationList;
			buildConfigurations = (
				5515EDD625B4149E00F79A72 /* Debug */,
				5515EDD725B4149E00F79A72 /* Release */,
			);
			defaultConfigurationIsVisible = 0;
			defaultConfigurationName = Release;
		};
		5515EDD825B4149E00F79A72 /* Build configuration list for PBXNativeTarget "quannuUITests" */ = {
			isa = XCConfigurationList;
			buildConfigurations = (
				5515EDD925B4149E00F79A72 /* Debug */,
				5515EDDA25B4149E00F79A72 /* Release */,
			);
			defaultConfigurationIsVisible = 0;
			defaultConfigurationName = Release;
		};
/* End XCConfigurationList section */
	};
	rootObject = 5515EDA625B4149D00F79A72 /* Project object */;
}
